
Microsoft Visual Studio Solution File, Format Version 12.00
# Visual Studio 15
VisualStudioVersion = 15.0.27130.2036
MinimumVisualStudioVersion = 10.0.40219.1
Project("{FAE04EC0-301F-11D3-BF4B-00C04F79EFBC}") = "HighFreqUpdate", "HighFreqUpdate\HighFreqUpdate.csproj", "{45234B19-E5F6-4673-8880-3B26794E966C}"
EndProject
Project("{FAE04EC0-301F-11D3-BF4B-00C04F79EFBC}") = "IF.WPF.Infragistics.Persistence", "IF.WPF.Infragistics.Persistence\IF.WPF.Infragistics.Persistence.csproj", "{4A4BF683-D1E8-45D1-8736-3B2A9422E83F}"
EndProject
Project("{FAE04EC0-301F-11D3-BF4B-00C04F79EFBC}") = "DockingInfragistics", "DockingInfragistics\DockingInfragistics.csproj", "{540936AE-32E2-48F3-B2AE-574E9EFA166F}"
EndProject
Global
	GlobalSection(SolutionConfigurationPlatforms) = preSolution
		Debug|Any CPU = Debug|Any CPU
		Release|Any CPU = Release|Any CPU
	EndGlobalSection
	GlobalSection(ProjectConfigurationPlatforms) = postSolution
		{45234B19-E5F6-4673-8880-3B26794E966C}.Debug|Any CPU.ActiveCfg = Debug|Any CPU
		{45234B19-E5F6-4673-8880-3B26794E966C}.Release|Any CPU.ActiveCfg = Release|Any CPU
		{45234B19-E5F6-4673-8880-3B26794E966C}.Release|Any CPU.Build.0 = Release|Any CPU
		{4A4BF683-D1E8-45D1-8736-3B2A9422E83F}.Debug|Any CPU.ActiveCfg = Debug|Any CPU
		{4A4BF683-D1E8-45D1-8736-3B2A9422E83F}.Debug|Any CPU.Build.0 = Debug|Any CPU
		{4A4BF683-D1E8-45D1-8736-3B2A9422E83F}.Release|Any CPU.ActiveCfg = Release|Any CPU
		{4A4BF683-D1E8-45D1-8736-3B2A9422E83F}.Release|Any CPU.Build.0 = Release|Any CPU
		{540936AE-32E2-48F3-B2AE-574E9EFA166F}.Debug|Any CPU.ActiveCfg = Debug|Any CPU
		{540936AE-32E2-48F3-B2AE-574E9EFA166F}.Debug|Any CPU.Build.0 = Debug|Any CPU
		{540936AE-32E2-48F3-B2AE-574E9EFA166F}.Release|Any CPU.ActiveCfg = Release|Any CPU
		{540936AE-32E2-48F3-B2AE-574E9EFA166F}.Release|Any CPU.Build.0 = Release|Any CPU
	EndGlobalSection
	GlobalSection(SolutionProperties) = preSolution
		HideSolutionNode = FALSE
	EndGlobalSection
	GlobalSection(ExtensibilityGlobals) = postSolution
		SolutionGuid = {27711CFE-C477-4486-B0F5-412907FE4500}
	EndGlobalSection
EndGlobal
